<?xml version="1.0" encoding="utf-8"?>
<Project ToolsVersion="4.0" xmlns="http://schemas.microsoft.com/developer/msbuild/2003">
  <ItemGroup>
    <Filter Include="Файлы исходного кода">
      <UniqueIdentifier>{4FC737F1-C7A5-4376-A066-2A32D752A2FF}</UniqueIdentifier>
      <Extensions>cpp;c;cc;cxx;def;odl;idl;hpj;bat;asm;asmx</Extensions>
    </Filter>
    <Filter Include="Заголовочные файлы">
      <UniqueIdentifier>{93995380-89BD-4b04-88EB-625FBE52EBFB}</UniqueIdentifier>
      <Extensions>h;hh;hpp;hxx;hm;inl;inc;xsd</Extensions>
    </Filter>
    <Filter Include="Файлы ресурсов">
      <UniqueIdentifier>{67DA6AB6-F800-4c08-8B7A-83BB121AAD01}</UniqueIdentifier>
      <Extensions>rc;ico;cur;bmp;dlg;rc2;rct;bin;rgs;gif;jpg;jpeg;jpe;resx;tiff;tif;png;wav;mfcribbon-ms</Extensions>
    </Filter>
  </ItemGroup>
  <ItemGroup>
    <ClCompile Include="main.cxx">
      <Filter>Файлы исходного кода</Filter>
    </ClCompile>
    <ClCompile Include="CLR\AssemblyData.cxx">
      <Filter>Файлы исходного кода</Filter>
    </ClCompile>
    <ClCompile Include="CLR\CLIMetadataTableIndex.cxx">
      <Filter>Файлы исходного кода</Filter>
    </ClCompile>
    <ClCompile Include="CLR\AssemblyReader.cxx">
      <Filter>Файлы исходного кода</Filter>
    </ClCompile>
    <ClCompile Include="CLR\CLIMetadataTableRows.cxx">
      <Filter>Файлы исходного кода</Filter>
    </ClCompile>
    <ClCompile Include="CLR\CLIMethodBody.cxx">
      <Filter>Файлы исходного кода</Filter>
    </ClCompile>
    <ClCompile Include="CLR\HexStr.cxx">
      <Filter>Файлы исходного кода</Filter>
    </ClCompile>
    <ClCompile Include="CLR\crossguid\guid.cxx">
      <Filter>Файлы исходного кода</Filter>
    </ClCompile>
    <ClCompile Include="CLR\CLIElementTypes.cxx">
      <Filter>Файлы исходного кода</Filter>
    </ClCompile>
    <ClCompile Include="CLR\CLIMetadata.cxx">
      <Filter>Файлы исходного кода</Filter>
    </ClCompile>
    <ClCompile Include="CLR\CLISignature.cxx">
      <Filter>Файлы исходного кода</Filter>
    </ClCompile>
  </ItemGroup>
  <ItemGroup>
    <ClInclude Include="CLR\AssemblyData.hxx">
      <Filter>Заголовочные файлы</Filter>
    </ClInclude>
    <ClInclude Include="CLR\AssemblyReader.hxx">
      <Filter>Заголовочные файлы</Filter>
    </ClInclude>
    <ClInclude Include="CLR\Formatting.hxx">
      <Filter>Заголовочные файлы</Filter>
    </ClInclude>
    <ClInclude Include="CLR\Property.hxx">
      <Filter>Заголовочные файлы</Filter>
    </ClInclude>
    <ClInclude Include="CLR\utf8.h">
      <Filter>Заголовочные файлы</Filter>
    </ClInclude>
    <ClInclude Include="CLR\ImageDataDirectory.hxx">
      <Filter>Заголовочные файлы</Filter>
    </ClInclude>
    <ClInclude Include="CLR\ImageFileHeader.hxx">
      <Filter>Заголовочные файлы</Filter>
    </ClInclude>
    <ClInclude Include="CLR\ImageNTHeader32.hxx">
      <Filter>Заголовочные файлы</Filter>
    </ClInclude>
    <ClInclude Include="CLR\ImageNTHeader64.hxx">
      <Filter>Заголовочные файлы</Filter>
    </ClInclude>
    <ClInclude Include="CLR\ImageOptionalHeader32.hxx">
      <Filter>Заголовочные файлы</Filter>
    </ClInclude>
    <ClInclude Include="CLR\ImageOptionalHeader64.hxx">
      <Filter>Заголовочные файлы</Filter>
    </ClInclude>
    <ClInclude Include="CLR\CLIHeader.hxx">
      <Filter>Заголовочные файлы</Filter>
    </ClInclude>
    <ClInclude Include="CLR\ImageSectionHeader.hxx">
      <Filter>Заголовочные файлы</Filter>
    </ClInclude>
    <ClInclude Include="CLR\CLIMetadataTableIndex.hxx">
      <Filter>Заголовочные файлы</Filter>
    </ClInclude>
    <ClInclude Include="CLR\CLIMetadataTableRows.hxx">
      <Filter>Заголовочные файлы</Filter>
    </ClInclude>
    <ClInclude Include="CLR\CLIMethodBody.hxx">
      <Filter>Заголовочные файлы</Filter>
    </ClInclude>
    <ClInclude Include="CLR\EnumCasting.hxx">
      <Filter>Заголовочные файлы</Filter>
    </ClInclude>
    <ClInclude Include="CLR\CLIElementTypes.hxx">
      <Filter>Заголовочные файлы</Filter>
    </ClInclude>
    <ClInclude Include="CLR\CLIMetadata.hxx">
      <Filter>Заголовочные файлы</Filter>
    </ClInclude>
    <ClInclude Include="CLR\CLISignature.hxx">
      <Filter>Заголовочные файлы</Filter>
    </ClInclude>
    <ClInclude Include="CLR\ExecutionThread.hxx">
      <Filter>Заголовочные файлы</Filter>
    </ClInclude>
    <ClInclude Include="CLR\AppDomain.hxx">
      <Filter>Заголовочные файлы</Filter>
    </ClInclude>
  </ItemGroup>
</Project>